
Microsoft Visual Studio Solution File, Format Version 12.00
# Visual Studio Version 17
VisualStudioVersion = 17.5.001.0
MinimumVisualStudioVersion = 10.0.40219.1
Project("{9A19103F-16F7-4668-BE54-9A1E7A4F7556}") = "HelloWorld", "HelloWorld.csproj", "{66D86982-3109-45DB-9290-6510E81E6A60}"
EndProject
Global
	GlobalSection(SolutionConfigurationPlatforms) = preSolution
		Debug|Any CPU = Debug|Any CPU
		Release|Any CPU = Release|Any CPU
	EndGlobalSection
	GlobalSection(ProjectConfigurationPlatforms) = postSolution
		{66D86982-3109-45DB-9290-6510E81E6A60}.Debug|Any CPU.ActiveCfg = Debug|Any CPU
		{66D86982-3109-45DB-9290-6510E81E6A60}.Debug|Any CPU.Build.0 = Debug|Any CPU
		{66D86982-3109-45DB-9290-6510E81E6A60}.Release|Any CPU.ActiveCfg = Release|Any CPU
		{66D86982-3109-45DB-9290-6510E81E6A60}.Release|Any CPU.Build.0 = Release|Any CPU
	EndGlobalSection
	GlobalSection(SolutionProperties) = preSolution
		HideSolutionNode = FALSE
	EndGlobalSection
	GlobalSection(ExtensibilityGlobals) = postSolution
		SolutionGuid = {EB236285-054E-47E6-86A8-38BEB707E435}
	EndGlobalSection
EndGlobal
